// !$*UTF8*$!
{
	archiveVersion = 1;
	classes = {
	};
	objectVersion = 77;
	objects = {

/* Begin PBXBuildFile section */
		0384B1923312CFB8BBF9306F /* SeedData.swift in Sources */ = {isa = PBXBuildFile; fileRef = C8B0E23D82ED987D0A73A239 /* SeedData.swift */; };
		05909AE6073ED834C7793A5F /* SectionCard.swift in Sources */ = {isa = PBXBuildFile; fileRef = 4C16A16D80C14F97C1D1F6B0 /* SectionCard.swift */; };
		097A04042F9052497F1FF330 /* MoodPickerView.swift in Sources */ = {isa = PBXBuildFile; fileRef = BC31225566EF3033747F2B8D /* MoodPickerView.swift */; };
		125AF3730087EAF60417A8D7 /* AddAffirmationView.swift in Sources */ = {isa = PBXBuildFile; fileRef = 2E304296458959E0E96EB166 /* AddAffirmationView.swift */; };
		12D727B323D95877170913B2 /* Affirmation.swift in Sources */ = {isa = PBXBuildFile; fileRef = 8FF345CDA8B90ADFEAD54C2A /* Affirmation.swift */; };
		19350C9266A2D2F21FFE6288 /* BrandMarkView.swift in Sources */ = {isa = PBXBuildFile; fileRef = FAD36C899644F58085C40A0E /* BrandMarkView.swift */; };
		23D5035A02EBB5986907105C /* AppPreferences.swift in Sources */ = {isa = PBXBuildFile; fileRef = 45647BC46E58A1D023384127 /* AppPreferences.swift */; };
		43154313CEDB22F3FEC92034 /* MoodEntry.swift in Sources */ = {isa = PBXBuildFile; fileRef = 6817227CCB36D035362C2DCA /* MoodEntry.swift */; };
		545716580075099533CD399D /* DailyBetterApp.swift in Sources */ = {isa = PBXBuildFile; fileRef = 8AF5CDD0CDD770C1730BC076 /* DailyBetterApp.swift */; };
		54C925197745A8B9A1CDA8A6 /* MoodView.swift in Sources */ = {isa = PBXBuildFile; fileRef = 97D3A9C24A4173FD3C18983F /* MoodView.swift */; };
		804C9D1549D45268E9EC5FDA /* TodayAffirmationSelection.swift in Sources */ = {isa = PBXBuildFile; fileRef = E6B0CAA0A4F9BAC13CCE50A8 /* TodayAffirmationSelection.swift */; };
		86E79F079A7A2E4E759BBC39 /* AppEnums.swift in Sources */ = {isa = PBXBuildFile; fileRef = 5EC384A8558E6A3D31522CB7 /* AppEnums.swift */; };
		88BF218482275A35039EAF44 /* LaunchSmokeUITests.swift in Sources */ = {isa = PBXBuildFile; fileRef = 56F93B2CD45FDFB6BB597437 /* LaunchSmokeUITests.swift */; };
		9406C6C2D2BDE5D3B7EEECDA /* GradientScreenBackground.swift in Sources */ = {isa = PBXBuildFile; fileRef = CB382DD8028604910FC2D8AB /* GradientScreenBackground.swift */; };
		9503B53C1E2F2B9D64DF29DF /* Assets.xcassets in Resources */ = {isa = PBXBuildFile; fileRef = EB424E985894F56E5984AEB8 /* Assets.xcassets */; };
		AE6ED28F0C5CB3B8C375F146 /* TodayView.swift in Sources */ = {isa = PBXBuildFile; fileRef = 42266BE38FA02290DE2F810E /* TodayView.swift */; };
		AF71E0420B60C7CF68BA612F /* ProjectSmokeTests.swift in Sources */ = {isa = PBXBuildFile; fileRef = 3B51E3BE7EE198A5D67B0EEB /* ProjectSmokeTests.swift */; };
		C4A037AE1EFBB543E08A42DD /* AffirmationCardView.swift in Sources */ = {isa = PBXBuildFile; fileRef = 4FBDE88F2AF21B1DBD1D9282 /* AffirmationCardView.swift */; };
		D9599D4D4E3383AB89B5F729 /* AppBootstrapper.swift in Sources */ = {isa = PBXBuildFile; fileRef = DEA01A09787C67900A18B8B9 /* AppBootstrapper.swift */; };
		EFC6E60E1B1B6B47B8E5D009 /* RootTabView.swift in Sources */ = {isa = PBXBuildFile; fileRef = 29B8389D52FF69E45A813300 /* RootTabView.swift */; };
		F23C74329696CDCC5458C9FE /* ThemePalette.swift in Sources */ = {isa = PBXBuildFile; fileRef = 89C7C2D7F103FAA528433B23 /* ThemePalette.swift */; };
		F3ED9F8541F6A9CBD3151287 /* LibraryView.swift in Sources */ = {isa = PBXBuildFile; fileRef = 1007A6395A98431F5F94F166 /* LibraryView.swift */; };
		F79D227DB5EE3E0EEFF8434D /* SettingsView.swift in Sources */ = {isa = PBXBuildFile; fileRef = 790C340950A3A7B368A8E443 /* SettingsView.swift */; };
		FD1462BD7C65B8891408612C /* NotificationManager.swift in Sources */ = {isa = PBXBuildFile; fileRef = 0A8A3CE88C14AD8CB17B8DAC /* NotificationManager.swift */; };
/* End PBXBuildFile section */

/* Begin PBXContainerItemProxy section */
		50E50065F0A24A1B53544C01 /* PBXContainerItemProxy */ = {
			isa = PBXContainerItemProxy;
			containerPortal = 7838557019FA2715F7FE0A0A /* Project object */;
			proxyType = 1;
			remoteGlobalIDString = 071A27332E8F518C57E3D6A5;
			remoteInfo = DailyBetter;
		};
		D4E747E02597F552D3CF47FD /* PBXContainerItemProxy */ = {
			isa = PBXContainerItemProxy;
			containerPortal = 7838557019FA2715F7FE0A0A /* Project object */;
			proxyType = 1;
			remoteGlobalIDString = 071A27332E8F518C57E3D6A5;
			remoteInfo = DailyBetter;
		};
/* End PBXContainerItemProxy section */

/* Begin PBXFileReference section */
		0A8A3CE88C14AD8CB17B8DAC /* NotificationManager.swift */ = {isa = PBXFileReference; lastKnownFileType = sourcecode.swift; path = NotificationManager.swift; sourceTree = "<group>"; };
		1007A6395A98431F5F94F166 /* LibraryView.swift */ = {isa = PBXFileReference; lastKnownFileType = sourcecode.swift; path = LibraryView.swift; sourceTree = "<group>"; };
		29B8389D52FF69E45A813300 /* RootTabView.swift */ = {isa = PBXFileReference; lastKnownFileType = sourcecode.swift; path = RootTabView.swift; sourceTree = "<group>"; };
		2E304296458959E0E96EB166 /* AddAffirmationView.swift */ = {isa = PBXFileReference; lastKnownFileType = sourcecode.swift; path = AddAffirmationView.swift; sourceTree = "<group>"; };
		3B51E3BE7EE198A5D67B0EEB /* ProjectSmokeTests.swift */ = {isa = PBXFileReference; lastKnownFileType = sourcecode.swift; path = ProjectSmokeTests.swift; sourceTree = "<group>"; };
		42266BE38FA02290DE2F810E /* TodayView.swift */ = {isa = PBXFileReference; lastKnownFileType = sourcecode.swift; path = TodayView.swift; sourceTree = "<group>"; };
		45647BC46E58A1D023384127 /* AppPreferences.swift */ = {isa = PBXFileReference; lastKnownFileType = sourcecode.swift; path = AppPreferences.swift; sourceTree = "<group>"; };
		4C16A16D80C14F97C1D1F6B0 /* SectionCard.swift */ = {isa = PBXFileReference; lastKnownFileType = sourcecode.swift; path = SectionCard.swift; sourceTree = "<group>"; };
		4FBDE88F2AF21B1DBD1D9282 /* AffirmationCardView.swift */ = {isa = PBXFileReference; lastKnownFileType = sourcecode.swift; path = AffirmationCardView.swift; sourceTree = "<group>"; };
		56F93B2CD45FDFB6BB597437 /* LaunchSmokeUITests.swift */ = {isa = PBXFileReference; lastKnownFileType = sourcecode.swift; path = LaunchSmokeUITests.swift; sourceTree = "<group>"; };
		5EC384A8558E6A3D31522CB7 /* AppEnums.swift */ = {isa = PBXFileReference; lastKnownFileType = sourcecode.swift; path = AppEnums.swift; sourceTree = "<group>"; };
		6817227CCB36D035362C2DCA /* MoodEntry.swift */ = {isa = PBXFileReference; lastKnownFileType = sourcecode.swift; path = MoodEntry.swift; sourceTree = "<group>"; };
		790C340950A3A7B368A8E443 /* SettingsView.swift */ = {isa = PBXFileReference; lastKnownFileType = sourcecode.swift; path = SettingsView.swift; sourceTree = "<group>"; };
		84689DB700CFCD4E9B606768 /* DailyBetterUITests.xctest */ = {isa = PBXFileReference; includeInIndex = 0; lastKnownFileType = wrapper.cfbundle; path = DailyBetterUITests.xctest; sourceTree = BUILT_PRODUCTS_DIR; };
		89C7C2D7F103FAA528433B23 /* ThemePalette.swift */ = {isa = PBXFileReference; lastKnownFileType = sourcecode.swift; path = ThemePalette.swift; sourceTree = "<group>"; };
		8AF5CDD0CDD770C1730BC076 /* DailyBetterApp.swift */ = {isa = PBXFileReference; lastKnownFileType = sourcecode.swift; path = DailyBetterApp.swift; sourceTree = "<group>"; };
		8FF345CDA8B90ADFEAD54C2A /* Affirmation.swift */ = {isa = PBXFileReference; lastKnownFileType = sourcecode.swift; path = Affirmation.swift; sourceTree = "<group>"; };
		97D3A9C24A4173FD3C18983F /* MoodView.swift */ = {isa = PBXFileReference; lastKnownFileType = sourcecode.swift; path = MoodView.swift; sourceTree = "<group>"; };
		BC31225566EF3033747F2B8D /* MoodPickerView.swift */ = {isa = PBXFileReference; lastKnownFileType = sourcecode.swift; path = MoodPickerView.swift; sourceTree = "<group>"; };
		C8B0E23D82ED987D0A73A239 /* SeedData.swift */ = {isa = PBXFileReference; lastKnownFileType = sourcecode.swift; path = SeedData.swift; sourceTree = "<group>"; };
		CB382DD8028604910FC2D8AB /* GradientScreenBackground.swift */ = {isa = PBXFileReference; lastKnownFileType = sourcecode.swift; path = GradientScreenBackground.swift; sourceTree = "<group>"; };
		D92720DD7285F914B9088F17 /* DailyBetter.app */ = {isa = PBXFileReference; includeInIndex = 0; lastKnownFileType = wrapper.application; path = DailyBetter.app; sourceTree = BUILT_PRODUCTS_DIR; };
		DEA01A09787C67900A18B8B9 /* AppBootstrapper.swift */ = {isa = PBXFileReference; lastKnownFileType = sourcecode.swift; path = AppBootstrapper.swift; sourceTree = "<group>"; };
		E4A6F5296AFF80CCD4FDCED9 /* DailyBetterTests.xctest */ = {isa = PBXFileReference; includeInIndex = 0; lastKnownFileType = wrapper.cfbundle; path = DailyBetterTests.xctest; sourceTree = BUILT_PRODUCTS_DIR; };
		E6B0CAA0A4F9BAC13CCE50A8 /* TodayAffirmationSelection.swift */ = {isa = PBXFileReference; lastKnownFileType = sourcecode.swift; path = TodayAffirmationSelection.swift; sourceTree = "<group>"; };
		EB424E985894F56E5984AEB8 /* Assets.xcassets */ = {isa = PBXFileReference; lastKnownFileType = folder.assetcatalog; path = Assets.xcassets; sourceTree = "<group>"; };
		FAD36C899644F58085C40A0E /* BrandMarkView.swift */ = {isa = PBXFileReference; lastKnownFileType = sourcecode.swift; path = BrandMarkView.swift; sourceTree = "<group>"; };
/* End PBXFileReference section */

/* Begin PBXGroup section */
		00A5F4267B461A4941D3B632 /* Shared */ = {
			isa = PBXGroup;
			children = (
				4FBDE88F2AF21B1DBD1D9282 /* AffirmationCardView.swift */,
				FAD36C899644F58085C40A0E /* BrandMarkView.swift */,
				CB382DD8028604910FC2D8AB /* GradientScreenBackground.swift */,
				BC31225566EF3033747F2B8D /* MoodPickerView.swift */,
				4C16A16D80C14F97C1D1F6B0 /* SectionCard.swift */,
			);
			path = Shared;
			sourceTree = "<group>";
		};
		0C068E8AEDBDBCA8E468B846 /* Products */ = {
			isa = PBXGroup;
			children = (
				D92720DD7285F914B9088F17 /* DailyBetter.app */,
				E4A6F5296AFF80CCD4FDCED9 /* DailyBetterTests.xctest */,
				84689DB700CFCD4E9B606768 /* DailyBetterUITests.xctest */,
			);
			name = Products;
			sourceTree = "<group>";
		};
		1123BB908E76FBA61C65EC5B /* Library */ = {
			isa = PBXGroup;
			children = (
				2E304296458959E0E96EB166 /* AddAffirmationView.swift */,
				1007A6395A98431F5F94F166 /* LibraryView.swift */,
			);
			path = Library;
			sourceTree = "<group>";
		};
		3D649F1ACB2EDB6F2438E622 /* Resources */ = {
			isa = PBXGroup;
			children = (
				EB424E985894F56E5984AEB8 /* Assets.xcassets */,
			);
			path = Resources;
			sourceTree = "<group>";
		};
		43C516722997853D5E1E6306 /* Settings */ = {
			isa = PBXGroup;
			children = (
				790C340950A3A7B368A8E443 /* SettingsView.swift */,
			);
			path = Settings;
			sourceTree = "<group>";
		};
		6857197AF87B3A508F31DE07 = {
			isa = PBXGroup;
			children = (
				DD8844C8ABCAFD64F0C96F65 /* DailyBetterTests */,
				B68E55159254D5C81DE82443 /* DailyBetterUITests */,
				3D649F1ACB2EDB6F2438E622 /* Resources */,
				D7671A980A48719F852BD297 /* Sources */,
				0C068E8AEDBDBCA8E468B846 /* Products */,
			);
			sourceTree = "<group>";
		};
		8F37DD0140C03AB37F86CA8B /* Views */ = {
			isa = PBXGroup;
			children = (
				1123BB908E76FBA61C65EC5B /* Library */,
				DFA740BC5E9EF7FA48B87D8C /* Mood */,
				43C516722997853D5E1E6306 /* Settings */,
				00A5F4267B461A4941D3B632 /* Shared */,
				B2B744C5720191980B90E6AB /* Today */,
			);
			path = Views;
			sourceTree = "<group>";
		};
		A72A5D62C07DBEDA8F9C91AF /* Services */ = {
			isa = PBXGroup;
			children = (
				DEA01A09787C67900A18B8B9 /* AppBootstrapper.swift */,
				0A8A3CE88C14AD8CB17B8DAC /* NotificationManager.swift */,
				C8B0E23D82ED987D0A73A239 /* SeedData.swift */,
				89C7C2D7F103FAA528433B23 /* ThemePalette.swift */,
				E6B0CAA0A4F9BAC13CCE50A8 /* TodayAffirmationSelection.swift */,
			);
			path = Services;
			sourceTree = "<group>";
		};
		B2B744C5720191980B90E6AB /* Today */ = {
			isa = PBXGroup;
			children = (
				42266BE38FA02290DE2F810E /* TodayView.swift */,
			);
			path = Today;
			sourceTree = "<group>";
		};
		B68E55159254D5C81DE82443 /* DailyBetterUITests */ = {
			isa = PBXGroup;
			children = (
				56F93B2CD45FDFB6BB597437 /* LaunchSmokeUITests.swift */,
			);
			name = DailyBetterUITests;
			path = Tests/DailyBetterUITests;
			sourceTree = "<group>";
		};
		CA4C797EF29D0094415B41EB /* App */ = {
			isa = PBXGroup;
			children = (
				8AF5CDD0CDD770C1730BC076 /* DailyBetterApp.swift */,
				29B8389D52FF69E45A813300 /* RootTabView.swift */,
			);
			path = App;
			sourceTree = "<group>";
		};
		D7671A980A48719F852BD297 /* Sources */ = {
			isa = PBXGroup;
			children = (
				CA4C797EF29D0094415B41EB /* App */,
				D95EC78D1AA6185C3B30950A /* Models */,
				A72A5D62C07DBEDA8F9C91AF /* Services */,
				8F37DD0140C03AB37F86CA8B /* Views */,
			);
			path = Sources;
			sourceTree = "<group>";
		};
		D95EC78D1AA6185C3B30950A /* Models */ = {
			isa = PBXGroup;
			children = (
				8FF345CDA8B90ADFEAD54C2A /* Affirmation.swift */,
				5EC384A8558E6A3D31522CB7 /* AppEnums.swift */,
				45647BC46E58A1D023384127 /* AppPreferences.swift */,
				6817227CCB36D035362C2DCA /* MoodEntry.swift */,
			);
			path = Models;
			sourceTree = "<group>";
		};
		DD8844C8ABCAFD64F0C96F65 /* DailyBetterTests */ = {
			isa = PBXGroup;
			children = (
				3B51E3BE7EE198A5D67B0EEB /* ProjectSmokeTests.swift */,
			);
			name = DailyBetterTests;
			path = Tests/DailyBetterTests;
			sourceTree = "<group>";
		};
		DFA740BC5E9EF7FA48B87D8C /* Mood */ = {
			isa = PBXGroup;
			children = (
				97D3A9C24A4173FD3C18983F /* MoodView.swift */,
			);
			path = Mood;
			sourceTree = "<group>";
		};
/* End PBXGroup section */

/* Begin PBXNativeTarget section */
		02FFB8F9117E724541193D3F /* DailyBetterUITests */ = {
			isa = PBXNativeTarget;
			buildConfigurationList = 79F09E9F1BAB2FFBB650781A /* Build configuration list for PBXNativeTarget "DailyBetterUITests" */;
			buildPhases = (
				87D48C70166D6BDEC464A1DF /* Sources */,
			);
			buildRules = (
			);
			dependencies = (
				B272DA1B61581CBCBFC2CCD0 /* PBXTargetDependency */,
			);
			name = DailyBetterUITests;
			packageProductDependencies = (
			);
			productName = DailyBetterUITests;
			productReference = 84689DB700CFCD4E9B606768 /* DailyBetterUITests.xctest */;
			productType = "com.apple.product-type.bundle.ui-testing";
		};
		071A27332E8F518C57E3D6A5 /* DailyBetter */ = {
			isa = PBXNativeTarget;
			buildConfigurationList = E41BECEC33BA80BBBE0753FA /* Build configuration list for PBXNativeTarget "DailyBetter" */;
			buildPhases = (
				C091345A33944CB57F65C9E8 /* Sources */,
				917B2ED118AC60E525B8B763 /* Resources */,
			);
			buildRules = (
			);
			dependencies = (
			);
			name = DailyBetter;
			packageProductDependencies = (
			);
			productName = DailyBetter;
			productReference = D92720DD7285F914B9088F17 /* DailyBetter.app */;
			productType = "com.apple.product-type.application";
		};
		4E0C3690CD1ECD46BADC5AE7 /* DailyBetterTests */ = {
			isa = PBXNativeTarget;
			buildConfigurationList = D10B3EEC6CA7EFF764AC3279 /* Build configuration list for PBXNativeTarget "DailyBetterTests" */;
			buildPhases = (
				D8AC15BF6E73F06C6085089F /* Sources */,
			);
			buildRules = (
			);
			dependencies = (
				FEC0A8B7C9AC6BC1F1EB2DA2 /* PBXTargetDependency */,
			);
			name = DailyBetterTests;
			packageProductDependencies = (
			);
			productName = DailyBetterTests;
			productReference = E4A6F5296AFF80CCD4FDCED9 /* DailyBetterTests.xctest */;
			productType = "com.apple.product-type.bundle.unit-test";
		};
/* End PBXNativeTarget section */

/* Begin PBXProject section */
		7838557019FA2715F7FE0A0A /* Project object */ = {
			isa = PBXProject;
			attributes = {
				BuildIndependentTargetsInParallel = YES;
				LastUpgradeCheck = 1430;
				TargetAttributes = {
					02FFB8F9117E724541193D3F = {
						DevelopmentTeam = 6UYTZXY3H9;
						ProvisioningStyle = Automatic;
						TestTargetID = 071A27332E8F518C57E3D6A5;
					};
					071A27332E8F518C57E3D6A5 = {
						DevelopmentTeam = 6UYTZXY3H9;
						ProvisioningStyle = Automatic;
					};
					4E0C3690CD1ECD46BADC5AE7 = {
						DevelopmentTeam = 6UYTZXY3H9;
						ProvisioningStyle = Automatic;
					};
				};
			};
			buildConfigurationList = 80CCFD0F4A946F430165EB40 /* Build configuration list for PBXProject "DailyBetter" */;
			developmentRegion = en;
			hasScannedForEncodings = 0;
			knownRegions = (
				Base,
				en,
			);
			mainGroup = 6857197AF87B3A508F31DE07;
			minimizedProjectReferenceProxies = 1;
			preferredProjectObjectVersion = 77;
			productRefGroup = 0C068E8AEDBDBCA8E468B846 /* Products */;
			projectDirPath = "";
			projectRoot = "";
			targets = (
				071A27332E8F518C57E3D6A5 /* DailyBetter */,
				4E0C3690CD1ECD46BADC5AE7 /* DailyBetterTests */,
				02FFB8F9117E724541193D3F /* DailyBetterUITests */,
			);
		};
/* End PBXProject section */

/* Begin PBXResourcesBuildPhase section */
		917B2ED118AC60E525B8B763 /* Resources */ = {
			isa = PBXResourcesBuildPhase;
			buildActionMask = 2147483647;
			files = (
				9503B53C1E2F2B9D64DF29DF /* Assets.xcassets in Resources */,
			);
			runOnlyForDeploymentPostprocessing = 0;
		};
/* End PBXResourcesBuildPhase section */

/* Begin PBXSourcesBuildPhase section */
		87D48C70166D6BDEC464A1DF /* Sources */ = {
			isa = PBXSourcesBuildPhase;
			buildActionMask = 2147483647;
			files = (
				88BF218482275A35039EAF44 /* LaunchSmokeUITests.swift in Sources */,
			);
			runOnlyForDeploymentPostprocessing = 0;
		};
		C091345A33944CB57F65C9E8 /* Sources */ = {
			isa = PBXSourcesBuildPhase;
			buildActionMask = 2147483647;
			files = (
				125AF3730087EAF60417A8D7 /* AddAffirmationView.swift in Sources */,
				12D727B323D95877170913B2 /* Affirmation.swift in Sources */,
				C4A037AE1EFBB543E08A42DD /* AffirmationCardView.swift in Sources */,
				D9599D4D4E3383AB89B5F729 /* AppBootstrapper.swift in Sources */,
				86E79F079A7A2E4E759BBC39 /* AppEnums.swift in Sources */,
				23D5035A02EBB5986907105C /* AppPreferences.swift in Sources */,
				19350C9266A2D2F21FFE6288 /* BrandMarkView.swift in Sources */,
				545716580075099533CD399D /* DailyBetterApp.swift in Sources */,
				9406C6C2D2BDE5D3B7EEECDA /* GradientScreenBackground.swift in Sources */,
				F3ED9F8541F6A9CBD3151287 /* LibraryView.swift in Sources */,
				43154313CEDB22F3FEC92034 /* MoodEntry.swift in Sources */,
				097A04042F9052497F1FF330 /* MoodPickerView.swift in Sources */,
				54C925197745A8B9A1CDA8A6 /* MoodView.swift in Sources */,
				FD1462BD7C65B8891408612C /* NotificationManager.swift in Sources */,
				EFC6E60E1B1B6B47B8E5D009 /* RootTabView.swift in Sources */,
				05909AE6073ED834C7793A5F /* SectionCard.swift in Sources */,
				0384B1923312CFB8BBF9306F /* SeedData.swift in Sources */,
				F79D227DB5EE3E0EEFF8434D /* SettingsView.swift in Sources */,
				F23C74329696CDCC5458C9FE /* ThemePalette.swift in Sources */,
				804C9D1549D45268E9EC5FDA /* TodayAffirmationSelection.swift in Sources */,
				AE6ED28F0C5CB3B8C375F146 /* TodayView.swift in Sources */,
			);
			runOnlyForDeploymentPostprocessing = 0;
		};
		D8AC15BF6E73F06C6085089F /* Sources */ = {
			isa = PBXSourcesBuildPhase;
			buildActionMask = 2147483647;
			files = (
				AF71E0420B60C7CF68BA612F /* ProjectSmokeTests.swift in Sources */,
			);
			runOnlyForDeploymentPostprocessing = 0;
		};
/* End PBXSourcesBuildPhase section */

/* Begin PBXTargetDependency section */
		B272DA1B61581CBCBFC2CCD0 /* PBXTargetDependency */ = {
			isa = PBXTargetDependency;
			target = 071A27332E8F518C57E3D6A5 /* DailyBetter */;
			targetProxy = D4E747E02597F552D3CF47FD /* PBXContainerItemProxy */;
		};
		FEC0A8B7C9AC6BC1F1EB2DA2 /* PBXTargetDependency */ = {
			isa = PBXTargetDependency;
			target = 071A27332E8F518C57E3D6A5 /* DailyBetter */;
			targetProxy = 50E50065F0A24A1B53544C01 /* PBXContainerItemProxy */;
		};
/* End PBXTargetDependency section */

/* Begin XCBuildConfiguration section */
		454331B345C7D74A6AB21D47 /* Debug */ = {
			isa = XCBuildConfiguration;
			buildSettings = {
				BUNDLE_LOADER = "$(TEST_HOST)";
				GENERATE_INFOPLIST_FILE = YES;
				IPHONEOS_DEPLOYMENT_TARGET = 17.0;
				LD_RUNPATH_SEARCH_PATHS = (
					"$(inherited)",
					"@executable_path/Frameworks",
					"@loader_path/Frameworks",
				);
				SDKROOT = iphoneos;
				TARGETED_DEVICE_FAMILY = "1,2";
				TEST_TARGET_NAME = DailyBetter;
			};
			name = Debug;
		};
		59A9ABF0A953E1D6E7D7D132 /* Release */ = {
			isa = XCBuildConfiguration;
			buildSettings = {
				BUNDLE_LOADER = "$(TEST_HOST)";
				GENERATE_INFOPLIST_FILE = YES;
				IPHONEOS_DEPLOYMENT_TARGET = 17.0;
				LD_RUNPATH_SEARCH_PATHS = (
					"$(inherited)",
					"@executable_path/Frameworks",
					"@loader_path/Frameworks",
				);
				SDKROOT = iphoneos;
				TARGETED_DEVICE_FAMILY = "1,2";
				TEST_TARGET_NAME = DailyBetter;
			};
			name = Release;
		};
		747D624A71F2FC24AE8D1053 /* Debug */ = {
			isa = XCBuildConfiguration;
			buildSettings = {
				ALWAYS_SEARCH_USER_PATHS = NO;
				CLANG_ANALYZER_NONNULL = YES;
				CLANG_ANALYZER_NUMBER_OBJECT_CONVERSION = YES_AGGRESSIVE;
				CLANG_CXX_LANGUAGE_STANDARD = "gnu++14";
				CLANG_CXX_LIBRARY = "libc++";
				CLANG_ENABLE_MODULES = YES;
				CLANG_ENABLE_OBJC_ARC = YES;
				CLANG_ENABLE_OBJC_WEAK = YES;
				CLANG_WARN_BLOCK_CAPTURE_AUTORELEASING = YES;
				CLANG_WARN_BOOL_CONVERSION = YES;
				CLANG_WARN_COMMA = YES;
				CLANG_WARN_CONSTANT_CONVERSION = YES;
				CLANG_WARN_DEPRECATED_OBJC_IMPLEMENTATIONS = YES;
				CLANG_WARN_DIRECT_OBJC_ISA_USAGE = YES_ERROR;
				CLANG_WARN_DOCUMENTATION_COMMENTS = YES;
				CLANG_WARN_EMPTY_BODY = YES;
				CLANG_WARN_ENUM_CONVERSION = YES;
				CLANG_WARN_INFINITE_RECURSION = YES;
				CLANG_WARN_INT_CONVERSION = YES;
				CLANG_WARN_NON_LITERAL_NULL_CONVERSION = YES;
				CLANG_WARN_OBJC_IMPLICIT_RETAIN_SELF = YES;
				CLANG_WARN_OBJC_LITERAL_CONVERSION = YES;
				CLANG_WARN_OBJC_ROOT_CLASS = YES_ERROR;
				CLANG_WARN_QUOTED_INCLUDE_IN_FRAMEWORK_HEADER = YES;
				CLANG_WARN_RANGE_LOOP_ANALYSIS = YES;
				CLANG_WARN_STRICT_PROTOTYPES = YES;
				CLANG_WARN_SUSPICIOUS_MOVE = YES;
				CLANG_WARN_UNGUARDED_AVAILABILITY = YES_AGGRESSIVE;
				CLANG_WARN_UNREACHABLE_CODE = YES;
				CLANG_WARN__DUPLICATE_METHOD_MATCH = YES;
				CODE_SIGN_STYLE = Automatic;
				COPY_PHASE_STRIP = NO;
				CURRENT_PROJECT_VERSION = 1;
				DEBUG_INFORMATION_FORMAT = dwarf;
				DEVELOPMENT_TEAM = 6UYTZXY3H9;
				ENABLE_STRICT_OBJC_MSGSEND = YES;
				ENABLE_TESTABILITY = YES;
				GCC_C_LANGUAGE_STANDARD = gnu11;
				GCC_DYNAMIC_NO_PIC = NO;
				GCC_NO_COMMON_BLOCKS = YES;
				GCC_OPTIMIZATION_LEVEL = 0;
				GCC_PREPROCESSOR_DEFINITIONS = (
					"$(inherited)",
					"DEBUG=1",
				);
				GCC_WARN_64_TO_32_BIT_CONVERSION = YES;
				GCC_WARN_ABOUT_RETURN_TYPE = YES_ERROR;
				GCC_WARN_UNDECLARED_SELECTOR = YES;
				GCC_WARN_UNINITIALIZED_AUTOS = YES_AGGRESSIVE;
				GCC_WARN_UNUSED_FUNCTION = YES;
				GCC_WARN_UNUSED_VARIABLE = YES;
				IPHONEOS_DEPLOYMENT_TARGET = 17.0;
				MARKETING_VERSION = 1.0.0;
				MTL_ENABLE_DEBUG_INFO = INCLUDE_SOURCE;
				MTL_FAST_MATH = YES;
				ONLY_ACTIVE_ARCH = YES;
				PRODUCT_NAME = "$(TARGET_NAME)";
				SDKROOT = iphoneos;
				SWIFT_ACTIVE_COMPILATION_CONDITIONS = DEBUG;
				SWIFT_OPTIMIZATION_LEVEL = "-Onone";
				SWIFT_VERSION = 5.0;
				TARGETED_DEVICE_FAMILY = "1,2";
			};
			name = Debug;
		};
		7F962DC98169E2D486F30469 /* Debug */ = {
			isa = XCBuildConfiguration;
			buildSettings = {
				ASSETCATALOG_COMPILER_APPICON_NAME = AppIcon;
				ASSETCATALOG_COMPILER_GLOBAL_ACCENT_COLOR_NAME = AccentColor;
				CODE_SIGN_IDENTITY = "iPhone Developer";
				DEVELOPMENT_ASSET_PATHS = "\"Resources/PreviewContent/Preview Assets.xcassets\"";
				GENERATE_INFOPLIST_FILE = YES;
				INFOPLIST_KEY_CFBundleDisplayName = "Daily Better";
				INFOPLIST_KEY_LSApplicationCategoryType = "public.app-category.healthcare-fitness";
				INFOPLIST_KEY_NSUserNotificationUsageDescription = "Daily Better can send one optional daily reminder at the time you choose.";
				INFOPLIST_KEY_UIApplicationSceneManifest_Generation = YES;
				INFOPLIST_KEY_UIApplicationSupportsIndirectInputEvents = YES;
				INFOPLIST_KEY_UILaunchScreen_Generation = YES;
				INFOPLIST_KEY_UISupportedInterfaceOrientations = UIInterfaceOrientationPortrait;
				INFOPLIST_KEY_UISupportedInterfaceOrientations_iPad = "UIInterfaceOrientationPortrait UIInterfaceOrientationPortraitUpsideDown UIInterfaceOrientationLandscapeLeft UIInterfaceOrientationLandscapeRight";
				IPHONEOS_DEPLOYMENT_TARGET = 17.0;
				LD_RUNPATH_SEARCH_PATHS = (
					"$(inherited)",
					"@executable_path/Frameworks",
				);
				PRODUCT_BUNDLE_IDENTIFIER = com.guoxl.DailyBetter;
				PRODUCT_NAME = DailyBetter;
				SDKROOT = iphoneos;
				SWIFT_EMIT_LOC_STRINGS = YES;
				TARGETED_DEVICE_FAMILY = "1,2";
			};
			name = Debug;
		};
		80A9A06090DBA4113D8292DE /* Debug */ = {
			isa = XCBuildConfiguration;
			buildSettings = {
				BUNDLE_LOADER = "$(TEST_HOST)";
				GENERATE_INFOPLIST_FILE = YES;
				IPHONEOS_DEPLOYMENT_TARGET = 17.0;
				LD_RUNPATH_SEARCH_PATHS = (
					"$(inherited)",
					"@executable_path/Frameworks",
					"@loader_path/Frameworks",
				);
				SDKROOT = iphoneos;
				TARGETED_DEVICE_FAMILY = "1,2";
				TEST_HOST = "$(BUILT_PRODUCTS_DIR)/DailyBetter.app/DailyBetter";
			};
			name = Debug;
		};
		969317D3C99C7086E06999BF /* Release */ = {
			isa = XCBuildConfiguration;
			buildSettings = {
				ALWAYS_SEARCH_USER_PATHS = NO;
				CLANG_ANALYZER_NONNULL = YES;
				CLANG_ANALYZER_NUMBER_OBJECT_CONVERSION = YES_AGGRESSIVE;
				CLANG_CXX_LANGUAGE_STANDARD = "gnu++14";
				CLANG_CXX_LIBRARY = "libc++";
				CLANG_ENABLE_MODULES = YES;
				CLANG_ENABLE_OBJC_ARC = YES;
				CLANG_ENABLE_OBJC_WEAK = YES;
				CLANG_WARN_BLOCK_CAPTURE_AUTORELEASING = YES;
				CLANG_WARN_BOOL_CONVERSION = YES;
				CLANG_WARN_COMMA = YES;
				CLANG_WARN_CONSTANT_CONVERSION = YES;
				CLANG_WARN_DEPRECATED_OBJC_IMPLEMENTATIONS = YES;
				CLANG_WARN_DIRECT_OBJC_ISA_USAGE = YES_ERROR;
				CLANG_WARN_DOCUMENTATION_COMMENTS = YES;
				CLANG_WARN_EMPTY_BODY = YES;
				CLANG_WARN_ENUM_CONVERSION = YES;
				CLANG_WARN_INFINITE_RECURSION = YES;
				CLANG_WARN_INT_CONVERSION = YES;
				CLANG_WARN_NON_LITERAL_NULL_CONVERSION = YES;
				CLANG_WARN_OBJC_IMPLICIT_RETAIN_SELF = YES;
				CLANG_WARN_OBJC_LITERAL_CONVERSION = YES;
				CLANG_WARN_OBJC_ROOT_CLASS = YES_ERROR;
				CLANG_WARN_QUOTED_INCLUDE_IN_FRAMEWORK_HEADER = YES;
				CLANG_WARN_RANGE_LOOP_ANALYSIS = YES;
				CLANG_WARN_STRICT_PROTOTYPES = YES;
				CLANG_WARN_SUSPICIOUS_MOVE = YES;
				CLANG_WARN_UNGUARDED_AVAILABILITY = YES_AGGRESSIVE;
				CLANG_WARN_UNREACHABLE_CODE = YES;
				CLANG_WARN__DUPLICATE_METHOD_MATCH = YES;
				CODE_SIGN_STYLE = Automatic;
				COPY_PHASE_STRIP = NO;
				CURRENT_PROJECT_VERSION = 1;
				DEBUG_INFORMATION_FORMAT = "dwarf-with-dsym";
				DEVELOPMENT_TEAM = 6UYTZXY3H9;
				ENABLE_NS_ASSERTIONS = NO;
				ENABLE_STRICT_OBJC_MSGSEND = YES;
				GCC_C_LANGUAGE_STANDARD = gnu11;
				GCC_NO_COMMON_BLOCKS = YES;
				GCC_WARN_64_TO_32_BIT_CONVERSION = YES;
				GCC_WARN_ABOUT_RETURN_TYPE = YES_ERROR;
				GCC_WARN_UNDECLARED_SELECTOR = YES;
				GCC_WARN_UNINITIALIZED_AUTOS = YES_AGGRESSIVE;
				GCC_WARN_UNUSED_FUNCTION = YES;
				GCC_WARN_UNUSED_VARIABLE = YES;
				IPHONEOS_DEPLOYMENT_TARGET = 17.0;
				MARKETING_VERSION = 1.0.0;
				MTL_ENABLE_DEBUG_INFO = NO;
				MTL_FAST_MATH = YES;
				PRODUCT_NAME = "$(TARGET_NAME)";
				SDKROOT = iphoneos;
				SWIFT_COMPILATION_MODE = wholemodule;
				SWIFT_OPTIMIZATION_LEVEL = "-O";
				SWIFT_VERSION = 5.0;
				TARGETED_DEVICE_FAMILY = "1,2";
			};
			name = Release;
		};
		AC801937DAAB14C2B76DE91C /* Release */ = {
			isa = XCBuildConfiguration;
			buildSettings = {
				BUNDLE_LOADER = "$(TEST_HOST)";
				GENERATE_INFOPLIST_FILE = YES;
				IPHONEOS_DEPLOYMENT_TARGET = 17.0;
				LD_RUNPATH_SEARCH_PATHS = (
					"$(inherited)",
					"@executable_path/Frameworks",
					"@loader_path/Frameworks",
				);
				SDKROOT = iphoneos;
				TARGETED_DEVICE_FAMILY = "1,2";
				TEST_HOST = "$(BUILT_PRODUCTS_DIR)/DailyBetter.app/DailyBetter";
			};
			name = Release;
		};
		FB8E59FAC7E707F2DBF9DD5D /* Release */ = {
			isa = XCBuildConfiguration;
			buildSettings = {
				ASSETCATALOG_COMPILER_APPICON_NAME = AppIcon;
				ASSETCATALOG_COMPILER_GLOBAL_ACCENT_COLOR_NAME = AccentColor;
				CODE_SIGN_IDENTITY = "iPhone Developer";
				DEVELOPMENT_ASSET_PATHS = "\"Resources/PreviewContent/Preview Assets.xcassets\"";
				GENERATE_INFOPLIST_FILE = YES;
				INFOPLIST_KEY_CFBundleDisplayName = "Daily Better";
				INFOPLIST_KEY_LSApplicationCategoryType = "public.app-category.healthcare-fitness";
				INFOPLIST_KEY_NSUserNotificationUsageDescription = "Daily Better can send one optional daily reminder at the time you choose.";
				INFOPLIST_KEY_UIApplicationSceneManifest_Generation = YES;
				INFOPLIST_KEY_UIApplicationSupportsIndirectInputEvents = YES;
				INFOPLIST_KEY_UILaunchScreen_Generation = YES;
				INFOPLIST_KEY_UISupportedInterfaceOrientations = UIInterfaceOrientationPortrait;
				INFOPLIST_KEY_UISupportedInterfaceOrientations_iPad = "UIInterfaceOrientationPortrait UIInterfaceOrientationPortraitUpsideDown UIInterfaceOrientationLandscapeLeft UIInterfaceOrientationLandscapeRight";
				IPHONEOS_DEPLOYMENT_TARGET = 17.0;
				LD_RUNPATH_SEARCH_PATHS = (
					"$(inherited)",
					"@executable_path/Frameworks",
				);
				PRODUCT_BUNDLE_IDENTIFIER = com.guoxl.DailyBetter;
				PRODUCT_NAME = DailyBetter;
				SDKROOT = iphoneos;
				SWIFT_EMIT_LOC_STRINGS = YES;
				TARGETED_DEVICE_FAMILY = "1,2";
			};
			name = Release;
		};
/* End XCBuildConfiguration section */

/* Begin XCConfigurationList section */
		79F09E9F1BAB2FFBB650781A /* Build configuration list for PBXNativeTarget "DailyBetterUITests" */ = {
			isa = XCConfigurationList;
			buildConfigurations = (
				454331B345C7D74A6AB21D47 /* Debug */,
				59A9ABF0A953E1D6E7D7D132 /* Release */,
			);
			defaultConfigurationIsVisible = 0;
			defaultConfigurationName = Debug;
		};
		80CCFD0F4A946F430165EB40 /* Build configuration list for PBXProject "DailyBetter" */ = {
			isa = XCConfigurationList;
			buildConfigurations = (
				747D624A71F2FC24AE8D1053 /* Debug */,
				969317D3C99C7086E06999BF /* Release */,
			);
			defaultConfigurationIsVisible = 0;
			defaultConfigurationName = Debug;
		};
		D10B3EEC6CA7EFF764AC3279 /* Build configuration list for PBXNativeTarget "DailyBetterTests" */ = {
			isa = XCConfigurationList;
			buildConfigurations = (
				80A9A06090DBA4113D8292DE /* Debug */,
				AC801937DAAB14C2B76DE91C /* Release */,
			);
			defaultConfigurationIsVisible = 0;
			defaultConfigurationName = Debug;
		};
		E41BECEC33BA80BBBE0753FA /* Build configuration list for PBXNativeTarget "DailyBetter" */ = {
			isa = XCConfigurationList;
			buildConfigurations = (
				7F962DC98169E2D486F30469 /* Debug */,
				FB8E59FAC7E707F2DBF9DD5D /* Release */,
			);
			defaultConfigurationIsVisible = 0;
			defaultConfigurationName = Debug;
		};
/* End XCConfigurationList section */
	};
	rootObject = 7838557019FA2715F7FE0A0A /* Project object */;
}
